
Microsoft Visual Studio Solution File, Format Version 12.00
# Visual Studio Version 17
VisualStudioVersion = 17.8.34330.188
MinimumVisualStudioVersion = 10.0.40219.1
Project("{9A19103F-16F7-4668-BE54-9A1E7A4F7556}") = "PixelFlut", "PixelFlut\PixelFlut.csproj", "{AD8D6B79-881D-4E1A-8211-6E2537350D9C}"
EndProject
Project("{9A19103F-16F7-4668-BE54-9A1E7A4F7556}") = "PixelFlut.Server", "PixelFlut.Server\PixelFlut.Server.csproj", "{5F51CC78-20F5-4D9B-8FE2-CE16F501834E}"
EndProject
Project("{9A19103F-16F7-4668-BE54-9A1E7A4F7556}") = "PixelFlut.Shared", "PixelFlut.Shared\PixelFlut.Shared.csproj", "{59951613-CEDB-431A-B32B-50FD7B274A2C}"
EndProject
Project("{9A19103F-16F7-4668-BE54-9A1E7A4F7556}") = "PixelFlut.SimpleClient", "PixelFlut.SimpleClient\PixelFlut.SimpleClient.csproj", "{0F7DCBC8-854C-4A43-8622-40FC48C46510}"
EndProject
Project("{9A19103F-16F7-4668-BE54-9A1E7A4F7556}") = "PixelFlut.Web", "PixelFlut.Web\PixelFlut.Web.csproj", "{4F79398A-E2F6-4811-B26B-20BC1B61A546}"
EndProject
Project("{2150E333-8FDC-42A3-9474-1A3956D46DE8}") = "Old", "Old", "{341C788D-776F-49B4-A45B-A64B6D0549FC}"
EndProject
Project("{2150E333-8FDC-42A3-9474-1A3956D46DE8}") = "New", "New", "{3D7B7F2F-8E41-4374-808D-EC84AE8F9763}"
EndProject
Project("{9A19103F-16F7-4668-BE54-9A1E7A4F7556}") = "FixelPlut.Server", "FixelPlut.Server\FixelPlut.Server.csproj", "{163386A5-4B8B-48D2-A923-2AB5F9C16B30}"
EndProject
Project("{9A19103F-16F7-4668-BE54-9A1E7A4F7556}") = "FixelPlut.Shared", "FixelPlut.Shared\FixelPlut.Shared.csproj", "{337C8E79-47EB-41A4-A125-4B0B91094F69}"
EndProject
Project("{FAE04EC0-301F-11D3-BF4B-00C04F79EFBC}") = "FixelPlut.Client", "FixelPlut.Test\FixelPlut.Client.csproj", "{9117A1E9-5121-4514-8301-F0E78D5C5BAF}"
EndProject
Global
	GlobalSection(SolutionConfigurationPlatforms) = preSolution
		Debug|Any CPU = Debug|Any CPU
		Release|Any CPU = Release|Any CPU
	EndGlobalSection
	GlobalSection(ProjectConfigurationPlatforms) = postSolution
		{AD8D6B79-881D-4E1A-8211-6E2537350D9C}.Debug|Any CPU.ActiveCfg = Debug|Any CPU
		{AD8D6B79-881D-4E1A-8211-6E2537350D9C}.Debug|Any CPU.Build.0 = Debug|Any CPU
		{AD8D6B79-881D-4E1A-8211-6E2537350D9C}.Release|Any CPU.ActiveCfg = Release|Any CPU
		{AD8D6B79-881D-4E1A-8211-6E2537350D9C}.Release|Any CPU.Build.0 = Release|Any CPU
		{5F51CC78-20F5-4D9B-8FE2-CE16F501834E}.Debug|Any CPU.ActiveCfg = Debug|Any CPU
		{5F51CC78-20F5-4D9B-8FE2-CE16F501834E}.Debug|Any CPU.Build.0 = Debug|Any CPU
		{5F51CC78-20F5-4D9B-8FE2-CE16F501834E}.Release|Any CPU.ActiveCfg = Release|Any CPU
		{5F51CC78-20F5-4D9B-8FE2-CE16F501834E}.Release|Any CPU.Build.0 = Release|Any CPU
		{59951613-CEDB-431A-B32B-50FD7B274A2C}.Debug|Any CPU.ActiveCfg = Debug|Any CPU
		{59951613-CEDB-431A-B32B-50FD7B274A2C}.Debug|Any CPU.Build.0 = Debug|Any CPU
		{59951613-CEDB-431A-B32B-50FD7B274A2C}.Release|Any CPU.ActiveCfg = Release|Any CPU
		{59951613-CEDB-431A-B32B-50FD7B274A2C}.Release|Any CPU.Build.0 = Release|Any CPU
		{0F7DCBC8-854C-4A43-8622-40FC48C46510}.Debug|Any CPU.ActiveCfg = Debug|Any CPU
		{0F7DCBC8-854C-4A43-8622-40FC48C46510}.Debug|Any CPU.Build.0 = Debug|Any CPU
		{0F7DCBC8-854C-4A43-8622-40FC48C46510}.Release|Any CPU.ActiveCfg = Release|Any CPU
		{0F7DCBC8-854C-4A43-8622-40FC48C46510}.Release|Any CPU.Build.0 = Release|Any CPU
		{4F79398A-E2F6-4811-B26B-20BC1B61A546}.Debug|Any CPU.ActiveCfg = Debug|Any CPU
		{4F79398A-E2F6-4811-B26B-20BC1B61A546}.Debug|Any CPU.Build.0 = Debug|Any CPU
		{4F79398A-E2F6-4811-B26B-20BC1B61A546}.Release|Any CPU.ActiveCfg = Release|Any CPU
		{4F79398A-E2F6-4811-B26B-20BC1B61A546}.Release|Any CPU.Build.0 = Release|Any CPU
		{163386A5-4B8B-48D2-A923-2AB5F9C16B30}.Debug|Any CPU.ActiveCfg = Debug|Any CPU
		{163386A5-4B8B-48D2-A923-2AB5F9C16B30}.Debug|Any CPU.Build.0 = Debug|Any CPU
		{163386A5-4B8B-48D2-A923-2AB5F9C16B30}.Release|Any CPU.ActiveCfg = Release|Any CPU
		{163386A5-4B8B-48D2-A923-2AB5F9C16B30}.Release|Any CPU.Build.0 = Release|Any CPU
		{337C8E79-47EB-41A4-A125-4B0B91094F69}.Debug|Any CPU.ActiveCfg = Debug|Any CPU
		{337C8E79-47EB-41A4-A125-4B0B91094F69}.Debug|Any CPU.Build.0 = Debug|Any CPU
		{337C8E79-47EB-41A4-A125-4B0B91094F69}.Release|Any CPU.ActiveCfg = Release|Any CPU
		{337C8E79-47EB-41A4-A125-4B0B91094F69}.Release|Any CPU.Build.0 = Release|Any CPU
		{9117A1E9-5121-4514-8301-F0E78D5C5BAF}.Debug|Any CPU.ActiveCfg = Debug|Any CPU
		{9117A1E9-5121-4514-8301-F0E78D5C5BAF}.Debug|Any CPU.Build.0 = Debug|Any CPU
		{9117A1E9-5121-4514-8301-F0E78D5C5BAF}.Release|Any CPU.ActiveCfg = Release|Any CPU
		{9117A1E9-5121-4514-8301-F0E78D5C5BAF}.Release|Any CPU.Build.0 = Release|Any CPU
	EndGlobalSection
	GlobalSection(SolutionProperties) = preSolution
		HideSolutionNode = FALSE
	EndGlobalSection
	GlobalSection(NestedProjects) = preSolution
		{AD8D6B79-881D-4E1A-8211-6E2537350D9C} = {341C788D-776F-49B4-A45B-A64B6D0549FC}
		{5F51CC78-20F5-4D9B-8FE2-CE16F501834E} = {341C788D-776F-49B4-A45B-A64B6D0549FC}
		{59951613-CEDB-431A-B32B-50FD7B274A2C} = {341C788D-776F-49B4-A45B-A64B6D0549FC}
		{0F7DCBC8-854C-4A43-8622-40FC48C46510} = {341C788D-776F-49B4-A45B-A64B6D0549FC}
		{4F79398A-E2F6-4811-B26B-20BC1B61A546} = {341C788D-776F-49B4-A45B-A64B6D0549FC}
		{163386A5-4B8B-48D2-A923-2AB5F9C16B30} = {3D7B7F2F-8E41-4374-808D-EC84AE8F9763}
		{337C8E79-47EB-41A4-A125-4B0B91094F69} = {3D7B7F2F-8E41-4374-808D-EC84AE8F9763}
		{9117A1E9-5121-4514-8301-F0E78D5C5BAF} = {3D7B7F2F-8E41-4374-808D-EC84AE8F9763}
	EndGlobalSection
	GlobalSection(ExtensibilityGlobals) = postSolution
		SolutionGuid = {DCC21B2A-EC63-4D10-A420-B5313A392757}
	EndGlobalSection
EndGlobal
